{
    "_meta": {
        "hash": {
            "sha256": "4cf59e5abb16bc433079d02b58045e3da9430e59d4baa378be6ef15b166d71d3"
        },
        "pipfile-spec": 6,
        "requires": {
            "python_full_version": "3.13.9",
            "python_version": "3.13"
        },
        "sources": [
            {
                "name": "pypi",
                "url": "https://pypi.org/simple",
                "verify_ssl": true
            }
        ]
    },
    "default": {
        "asgiref": {
            "hashes": [
                "sha256:59dcb51c272ad209d59bed5708a64a333083e86017d7fcdd67498eeab7784340",
                "sha256:fe386d1c2bff7259ea95929266d12a8cf9a8b5a1c2598402967d8792e7a7c094"
            ],
            "markers": "python_version >= '3.10'",
            "version": "==3.12.1"
        },
        "django": {
            "hashes": [
                "sha256:2998503fc083124fb58037084bfa00de323c7c743f05f1b4284e77bff0ab8890",
                "sha256:a037427c2288443a8c02a1b02295a31c239663aa682bc50b1976afb7cf6a769e"
            ],
            "markers": "python_version >= '3.12'",
            "version": "==6.0.7"
        },
        "django-stubs": {
            "hashes": [
                "sha256:7ed9a14c438e589272ca04e966dee82a4d1ff7ca5c2171bc986c50a0d03ec35b",
                "sha256:bc55431c0af745a64e39cf33a8d36c87dccbedeae2fe26fab47dd355270e8538"
            ],
            "markers": "python_version >= '3.10'",
            "version": "==6.0.7"
        },
        "django-stubs-ext": {
            "hashes": [
                "sha256:53a9c7c5a7c7e718cc6308cfce1e7470f2cac0b9d38dbcd60fbfa82704f1d592",
                "sha256:c3172c5126614fd2a44d0196b313b44c21f717cb09477ba52b447d41f4ce613e"
            ],
            "markers": "python_version >= '3.10'",
            "version": "==6.0.7"
        },
        "djangorestframework-stubs": {
            "hashes": [
                "sha256:40f1f22ec1965d1caff17c66794b87799eb8f42e0628ea46b501dcd565d8a803",
                "sha256:5b67655090e2976b778bad572840b732a87ab2911402530d0dca2fbf72f891c5"
            ],
            "index": "pypi",
            "markers": "python_version >= '3.10'",
            "version": "==3.17.1"
        },
        "sqlparse": {
            "hashes": [
                "sha256:12a08b3bf3eec877c519589833aed092e2444e68240a3577e8e26148acc7b1ba",
                "sha256:e20d4a9b0b8585fdf63b10d30066c7c94c5d7a7ec47c889a2d83a3caa93ff28e"
            ],
            "markers": "python_version >= '3.8'",
            "version": "==0.5.5"
        },
        "types-pyyaml": {
            "hashes": [
                "sha256:3c1ce1bb73cd5ec02e90390c2b1f00e810d241d8825fd73ff359696839271b6b",
                "sha256:d57db930a4b2efbc57cf430ec8882765d246929432fa253092f383902329a453"
            ],
            "markers": "python_version >= '3.10'",
            "version": "==6.0.12.20260724"
        },
        "typing-extensions": {
            "hashes": [
                "sha256:481caa481374e813c1b176ada14e97f1f67a4539ce9cfeb3f350d78d6370c2e8",
                "sha256:dc983d19a509c94dba722ee6abd33940f7c05a89e243c47e907eb4db6f1a43e5"
            ],
            "markers": "python_version >= '3.9'",
            "version": "==4.16.0"
        },
        "tzdata": {
            "hashes": [
                "sha256:4a1518b8993086a7982523e071643f3c0e5f213e75b21318e78bcabfff9d1415",
                "sha256:dc096730c87af6cab1b171c9d532be840741ff5d459015e7f6947bd7d7e54931"
            ],
            "markers": "python_version >= '2'",
            "version": "==2026.3"
        }
    },
    "develop": {}
}
